
Microsoft Visual Studio Solution File, Format Version 12.00
# Visual Studio Version 17
VisualStudioVersion = 17.5.33516.290
MinimumVisualStudioVersion = 10.0.40219.1
Project("{FAE04EC0-301F-11D3-BF4B-00C04F79EFBC}") = "macostaExamen.Android", "macostaExamen.Android\macostaExamen.Android.csproj", "{4551F55E-8CEF-4042-80D6-BDEB4B40B8F5}"
EndProject
Project("{FAE04EC0-301F-11D3-BF4B-00C04F79EFBC}") = "macostaExamen.iOS", "macostaExamen.iOS\macostaExamen.iOS.csproj", "{0FB92622-1CC6-41BA-A2D2-5B66D212BD13}"
EndProject
Project("{FAE04EC0-301F-11D3-BF4B-00C04F79EFBC}") = "macostaExamen", "macostaExamen\macostaExamen.csproj", "{C880933C-39D7-4D41-9172-31DF91BD1AC5}"
EndProject
Global
	GlobalSection(SolutionConfigurationPlatforms) = preSolution
		Debug|Any CPU = Debug|Any CPU
		Debug|iPhone = Debug|iPhone
		Debug|iPhoneSimulator = Debug|iPhoneSimulator
		Release|Any CPU = Release|Any CPU
		Release|iPhone = Release|iPhone
		Release|iPhoneSimulator = Release|iPhoneSimulator
	EndGlobalSection
	GlobalSection(ProjectConfigurationPlatforms) = postSolution
		{4551F55E-8CEF-4042-80D6-BDEB4B40B8F5}.Debug|Any CPU.ActiveCfg = Debug|Any CPU
		{4551F55E-8CEF-4042-80D6-BDEB4B40B8F5}.Debug|Any CPU.Build.0 = Debug|Any CPU
		{4551F55E-8CEF-4042-80D6-BDEB4B40B8F5}.Debug|Any CPU.Deploy.0 = Debug|Any CPU
		{4551F55E-8CEF-4042-80D6-BDEB4B40B8F5}.Debug|iPhone.ActiveCfg = Debug|Any CPU
		{4551F55E-8CEF-4042-80D6-BDEB4B40B8F5}.Debug|iPhone.Build.0 = Debug|Any CPU
		{4551F55E-8CEF-4042-80D6-BDEB4B40B8F5}.Debug|iPhone.Deploy.0 = Debug|Any CPU
		{4551F55E-8CEF-4042-80D6-BDEB4B40B8F5}.Debug|iPhoneSimulator.ActiveCfg = Debug|Any CPU
		{4551F55E-8CEF-4042-80D6-BDEB4B40B8F5}.Debug|iPhoneSimulator.Build.0 = Debug|Any CPU
		{4551F55E-8CEF-4042-80D6-BDEB4B40B8F5}.Debug|iPhoneSimulator.Deploy.0 = Debug|Any CPU
		{4551F55E-8CEF-4042-80D6-BDEB4B40B8F5}.Release|Any CPU.ActiveCfg = Release|Any CPU
		{4551F55E-8CEF-4042-80D6-BDEB4B40B8F5}.Release|Any CPU.Build.0 = Release|Any CPU
		{4551F55E-8CEF-4042-80D6-BDEB4B40B8F5}.Release|Any CPU.Deploy.0 = Release|Any CPU
		{4551F55E-8CEF-4042-80D6-BDEB4B40B8F5}.Release|iPhone.ActiveCfg = Release|Any CPU
		{4551F55E-8CEF-4042-80D6-BDEB4B40B8F5}.Release|iPhone.Build.0 = Release|Any CPU
		{4551F55E-8CEF-4042-80D6-BDEB4B40B8F5}.Release|iPhone.Deploy.0 = Release|Any CPU
		{4551F55E-8CEF-4042-80D6-BDEB4B40B8F5}.Release|iPhoneSimulator.ActiveCfg = Release|Any CPU
		{4551F55E-8CEF-4042-80D6-BDEB4B40B8F5}.Release|iPhoneSimulator.Build.0 = Release|Any CPU
		{4551F55E-8CEF-4042-80D6-BDEB4B40B8F5}.Release|iPhoneSimulator.Deploy.0 = Release|Any CPU
		{0FB92622-1CC6-41BA-A2D2-5B66D212BD13}.Debug|Any CPU.ActiveCfg = Debug|iPhone
		{0FB92622-1CC6-41BA-A2D2-5B66D212BD13}.Debug|Any CPU.Build.0 = Debug|iPhone
		{0FB92622-1CC6-41BA-A2D2-5B66D212BD13}.Debug|Any CPU.Deploy.0 = Debug|iPhone
		{0FB92622-1CC6-41BA-A2D2-5B66D212BD13}.Debug|iPhone.ActiveCfg = Debug|iPhone
		{0FB92622-1CC6-41BA-A2D2-5B66D212BD13}.Debug|iPhone.Build.0 = Debug|iPhone
		{0FB92622-1CC6-41BA-A2D2-5B66D212BD13}.Debug|iPhone.Deploy.0 = Debug|iPhone
		{0FB92622-1CC6-41BA-A2D2-5B66D212BD13}.Debug|iPhoneSimulator.ActiveCfg = Debug|iPhoneSimulator
		{0FB92622-1CC6-41BA-A2D2-5B66D212BD13}.Debug|iPhoneSimulator.Build.0 = Debug|iPhoneSimulator
		{0FB92622-1CC6-41BA-A2D2-5B66D212BD13}.Debug|iPhoneSimulator.Deploy.0 = Debug|iPhoneSimulator
		{0FB92622-1CC6-41BA-A2D2-5B66D212BD13}.Release|Any CPU.ActiveCfg = Release|iPhoneSimulator
		{0FB92622-1CC6-41BA-A2D2-5B66D212BD13}.Release|Any CPU.Build.0 = Release|iPhoneSimulator
		{0FB92622-1CC6-41BA-A2D2-5B66D212BD13}.Release|Any CPU.Deploy.0 = Release|iPhoneSimulator
		{0FB92622-1CC6-41BA-A2D2-5B66D212BD13}.Release|iPhone.ActiveCfg = Release|iPhone
		{0FB92622-1CC6-41BA-A2D2-5B66D212BD13}.Release|iPhone.Build.0 = Release|iPhone
		{0FB92622-1CC6-41BA-A2D2-5B66D212BD13}.Release|iPhone.Deploy.0 = Release|iPhone
		{0FB92622-1CC6-41BA-A2D2-5B66D212BD13}.Release|iPhoneSimulator.ActiveCfg = Release|iPhoneSimulator
		{0FB92622-1CC6-41BA-A2D2-5B66D212BD13}.Release|iPhoneSimulator.Build.0 = Release|iPhoneSimulator
		{0FB92622-1CC6-41BA-A2D2-5B66D212BD13}.Release|iPhoneSimulator.Deploy.0 = Release|iPhoneSimulator
		{C880933C-39D7-4D41-9172-31DF91BD1AC5}.Debug|Any CPU.ActiveCfg = Debug|Any CPU
		{C880933C-39D7-4D41-9172-31DF91BD1AC5}.Debug|Any CPU.Build.0 = Debug|Any CPU
		{C880933C-39D7-4D41-9172-31DF91BD1AC5}.Debug|Any CPU.Deploy.0 = Debug|Any CPU
		{C880933C-39D7-4D41-9172-31DF91BD1AC5}.Debug|iPhone.ActiveCfg = Debug|Any CPU
		{C880933C-39D7-4D41-9172-31DF91BD1AC5}.Debug|iPhone.Build.0 = Debug|Any CPU
		{C880933C-39D7-4D41-9172-31DF91BD1AC5}.Debug|iPhone.Deploy.0 = Debug|Any CPU
		{C880933C-39D7-4D41-9172-31DF91BD1AC5}.Debug|iPhoneSimulator.ActiveCfg = Debug|Any CPU
		{C880933C-39D7-4D41-9172-31DF91BD1AC5}.Debug|iPhoneSimulator.Build.0 = Debug|Any CPU
		{C880933C-39D7-4D41-9172-31DF91BD1AC5}.Debug|iPhoneSimulator.Deploy.0 = Debug|Any CPU
		{C880933C-39D7-4D41-9172-31DF91BD1AC5}.Release|Any CPU.ActiveCfg = Release|Any CPU
		{C880933C-39D7-4D41-9172-31DF91BD1AC5}.Release|Any CPU.Build.0 = Release|Any CPU
		{C880933C-39D7-4D41-9172-31DF91BD1AC5}.Release|Any CPU.Deploy.0 = Release|Any CPU
		{C880933C-39D7-4D41-9172-31DF91BD1AC5}.Release|iPhone.ActiveCfg = Release|Any CPU
		{C880933C-39D7-4D41-9172-31DF91BD1AC5}.Release|iPhone.Build.0 = Release|Any CPU
		{C880933C-39D7-4D41-9172-31DF91BD1AC5}.Release|iPhone.Deploy.0 = Release|Any CPU
		{C880933C-39D7-4D41-9172-31DF91BD1AC5}.Release|iPhoneSimulator.ActiveCfg = Release|Any CPU
		{C880933C-39D7-4D41-9172-31DF91BD1AC5}.Release|iPhoneSimulator.Build.0 = Release|Any CPU
		{C880933C-39D7-4D41-9172-31DF91BD1AC5}.Release|iPhoneSimulator.Deploy.0 = Release|Any CPU
	EndGlobalSection
	GlobalSection(SolutionProperties) = preSolution
		HideSolutionNode = FALSE
	EndGlobalSection
	GlobalSection(ExtensibilityGlobals) = postSolution
		SolutionGuid = {9155E0AD-A786-43F0-9726-61B996E63BF9}
	EndGlobalSection
EndGlobal
